{
  "originHash" : "ed146ab22370e4392e32d21316dbd6b8b4d5568417fdbd85e7df05e6f98bb38c",
  "pins" : [
    {
      "identity" : "atprotokit",
      "kind" : "remoteSourceControl",
      "location" : "https://github.com/rayanwaked/ATProtoKit.git",
      "state" : {
        "branch" : "main",
        "revision" : "ff4234921197209d1481ff75dd990c488a07603e"
      }
    },
    {
      "identity" : "bezelkit",
      "kind" : "remoteSourceControl",
      "location" : "https://github.com/markbattistella/BezelKit",
      "state" : {
        "revision" : "bfa3e305a418096ce9d159b178330b49e46699e8",
        "version" : "4.0.0"
      }
    },
    {
      "identity" : "glur",
      "kind" : "remoteSourceControl",
      "location" : "https://github.com/joogps/Glur",
      "state" : {
        "revision" : "9e00ff79da318f2c78b749b1027e54a9d4de2e33",
        "version" : "1.0.4"
      }
    },
    {
      "identity" : "keychain-swift",
      "kind" : "remoteSourceControl",
      "location" : "https://github.com/evgenyneu/keychain-swift.git",
      "state" : {
        "revision" : "5e1b02b6a9dac2a759a1d5dbc175c86bd192a608",
        "version" : "24.0.0"
      }
    },
    {
      "identity" : "nuke",
      "kind" : "remoteSourceControl",
      "location" : "https://github.com/kean/Nuke",
      "state" : {
        "revision" : "0ead44350d2737db384908569c012fe67c421e4d",
        "version" : "12.8.0"
      }
    },
    {
      "identity" : "posthog-ios",
      "kind" : "remoteSourceControl",
      "location" : "https://github.com/PostHog/posthog-ios",
      "state" : {
        "revision" : "784145ddd2f7de3a6d6fcce0e50c04f29d33b338",
        "version" : "3.28.2"
      }
    },
    {
      "identity" : "swift-log",
      "kind" : "remoteSourceControl",
      "location" : "https://github.com/apple/swift-log.git",
      "state" : {
        "revision" : "ce592ae52f982c847a4efc0dd881cc9eb32d29f2",
        "version" : "1.6.4"
      }
    },
    {
      "identity" : "swift-syntax",
      "kind" : "remoteSourceControl",
      "location" : "https://github.com/swiftlang/swift-syntax.git",
      "state" : {
        "revision" : "0687f71944021d616d34d922343dcef086855920",
        "version" : "600.0.1"
      }
    }
  ],
  "version" : 3
}
