{
  "originHash" : "5991197e8289f9bcd5f1f6e096d3560dcadacfc93bd8b6568378c835342de6c0",
  "pins" : [
    {
      "identity" : "atprotokit",
      "kind" : "remoteSourceControl",
      "location" : "https://github.com/MasterJ93/ATProtoKit",
      "state" : {
        "revision" : "5048826586a661168e0a53f6758f562a28b6b0b3",
        "version" : "0.31.2"
      }
    },
    {
      "identity" : "bezelkit",
      "kind" : "remoteSourceControl",
      "location" : "https://github.com/markbattistella/BezelKit",
      "state" : {
        "revision" : "bfa3e305a418096ce9d159b178330b49e46699e8",
        "version" : "4.0.0"
      }
    },
    {
      "identity" : "glur",
      "kind" : "remoteSourceControl",
      "location" : "https://github.com/joogps/Glur",
      "state" : {
        "revision" : "9e00ff79da318f2c78b749b1027e54a9d4de2e33",
        "version" : "1.0.4"
      }
    },
    {
      "identity" : "keychain-swift",
      "kind" : "remoteSourceControl",
      "location" : "https://github.com/evgenyneu/keychain-swift.git",
      "state" : {
        "revision" : "5e1b02b6a9dac2a759a1d5dbc175c86bd192a608",
        "version" : "24.0.0"
      }
    },
    {
      "identity" : "nuke",
      "kind" : "remoteSourceControl",
      "location" : "https://github.com/kean/Nuke",
      "state" : {
        "revision" : "0ead44350d2737db384908569c012fe67c421e4d",
        "version" : "12.8.0"
      }
    },
    {
      "identity" : "posthog-ios",
      "kind" : "remoteSourceControl",
      "location" : "https://github.com/PostHog/posthog-ios",
      "state" : {
        "revision" : "784145ddd2f7de3a6d6fcce0e50c04f29d33b338",
        "version" : "3.28.2"
      }
    },
    {
      "identity" : "swift-log",
      "kind" : "remoteSourceControl",
      "location" : "https://github.com/apple/swift-log.git",
      "state" : {
        "revision" : "ce592ae52f982c847a4efc0dd881cc9eb32d29f2",
        "version" : "1.6.4"
      }
    },
    {
      "identity" : "swift-syntax",
      "kind" : "remoteSourceControl",
      "location" : "https://github.com/swiftlang/swift-syntax.git",
      "state" : {
        "revision" : "0687f71944021d616d34d922343dcef086855920",
        "version" : "600.0.1"
      }
    },
    {
      "identity" : "swiftybeaver",
      "kind" : "remoteSourceControl",
      "location" : "https://github.com/SwiftyBeaver/SwiftyBeaver.git",
      "state" : {
        "revision" : "8cba041db09596183331d123f337d0eb2e6e8e91",
        "version" : "2.1.1"
      }
    }
  ],
  "version" : 3
}
